
Microsoft Visual Studio Solution File, Format Version 12.00
# Visual Studio Version 17
VisualStudioVersion = 17.3.32901.215
MinimumVisualStudioVersion = 10.0.40219.1
Project("{FAE04EC0-301F-11D3-BF4B-00C04F79EFBC}") = "IconXamlFactoryGenerator", "IconXamlFactoryGenerator.csproj", "{215D7AB2-7F10-41CD-BB34-AFBAB3E33A76}"
EndProject
Global
	GlobalSection(SolutionConfigurationPlatforms) = preSolution
		Debug|Any CPU = Debug|Any CPU
		Release|Any CPU = Release|Any CPU
	EndGlobalSection
	GlobalSection(ProjectConfigurationPlatforms) = postSolution
		{215D7AB2-7F10-41CD-BB34-AFBAB3E33A76}.Debug|Any CPU.ActiveCfg = Debug|Any CPU
		{215D7AB2-7F10-41CD-BB34-AFBAB3E33A76}.Debug|Any CPU.Build.0 = Debug|Any CPU
		{215D7AB2-7F10-41CD-BB34-AFBAB3E33A76}.Release|Any CPU.ActiveCfg = Release|Any CPU
		{215D7AB2-7F10-41CD-BB34-AFBAB3E33A76}.Release|Any CPU.Build.0 = Release|Any CPU
	EndGlobalSection
	GlobalSection(SolutionProperties) = preSolution
		HideSolutionNode = FALSE
	EndGlobalSection
	GlobalSection(ExtensibilityGlobals) = postSolution
		SolutionGuid = {D06395A7-0FC9-40EE-B516-DD3A98D558A8}
	EndGlobalSection
EndGlobal
